
Microsoft Visual Studio Solution File, Format Version 12.00
# Visual Studio Version 17
VisualStudioVersion = 17.5.002.0
MinimumVisualStudioVersion = 10.0.40219.1
Project("{2150E333-8FDC-42A3-9474-1A3956D46DE8}") = "csharp-prep", "csharp-prep", "{359296B8-0F98-4B9E-B3D0-F5356E2DAC33}"
EndProject
Project("{9A19103F-16F7-4668-BE54-9A1E7A4F7556}") = "Prep1", "csharp-prep\Prep1\Prep1.csproj", "{C3E0CC04-18BE-48B0-8EE2-BD4114B11468}"
EndProject
Project("{9A19103F-16F7-4668-BE54-9A1E7A4F7556}") = "Prep2", "csharp-prep\Prep2\Prep2.csproj", "{76748C78-EF2D-4C4D-9D4D-189977C71290}"
EndProject
Project("{9A19103F-16F7-4668-BE54-9A1E7A4F7556}") = "Prep3", "csharp-prep\Prep3\Prep3.csproj", "{F5F2B90B-7E68-4E1C-96B8-23C05442F017}"
EndProject
Project("{9A19103F-16F7-4668-BE54-9A1E7A4F7556}") = "Prep4", "csharp-prep\Prep4\Prep4.csproj", "{7BFFD8FB-4C07-48A3-9136-0FADC0E322FD}"
EndProject
Project("{9A19103F-16F7-4668-BE54-9A1E7A4F7556}") = "Prep5", "csharp-prep\Prep5\Prep5.csproj", "{5EA91FDA-7CB8-42EF-95CC-944D5EB5DD84}"
EndProject
Project("{2150E333-8FDC-42A3-9474-1A3956D46DE8}") = "final", "final", "{6D8AF0C6-DD83-48DF-858F-5B7DC318DD63}"
EndProject
Project("{9A19103F-16F7-4668-BE54-9A1E7A4F7556}") = "FinalProject", "final\FinalProject\FinalProject.csproj", "{78086898-D280-405D-894C-3A3B41C09DA4}"
EndProject
Project("{9A19103F-16F7-4668-BE54-9A1E7A4F7556}") = "Foundation1", "final\Foundation1\Foundation1.csproj", "{8A122583-CADD-4CCA-8C0C-6C7378078005}"
EndProject
Project("{9A19103F-16F7-4668-BE54-9A1E7A4F7556}") = "Foundation2", "final\Foundation2\Foundation2.csproj", "{E260C38C-B5A4-4BE9-9106-F5E09000A45C}"
EndProject
Project("{9A19103F-16F7-4668-BE54-9A1E7A4F7556}") = "Foundation3", "final\Foundation3\Foundation3.csproj", "{7B7E7521-50DF-49C2-97B6-2F85608EEDDC}"
EndProject
Project("{9A19103F-16F7-4668-BE54-9A1E7A4F7556}") = "Foundation4", "final\Foundation4\Foundation4.csproj", "{25955A83-45A6-49D0-A339-D06356E1EA29}"
EndProject
Project("{2150E333-8FDC-42A3-9474-1A3956D46DE8}") = "prepare", "prepare", "{1E15D9D1-DE83-4D8C-AB33-9726ACBF21D3}"
EndProject
Project("{9A19103F-16F7-4668-BE54-9A1E7A4F7556}") = "Learning02", "prepare\Learning02\Learning02.csproj", "{51D5D43D-05AF-4AF8-944E-17E635C7C162}"
EndProject
Project("{9A19103F-16F7-4668-BE54-9A1E7A4F7556}") = "Learning03", "prepare\Learning03\Learning03.csproj", "{1ED1644E-1228-4C2B-B83E-B7293D1787C1}"
EndProject
Project("{9A19103F-16F7-4668-BE54-9A1E7A4F7556}") = "Learning04", "prepare\Learning04\Learning04.csproj", "{04DA51D0-5308-48D2-8FE0-03C62343DE65}"
EndProject
Project("{9A19103F-16F7-4668-BE54-9A1E7A4F7556}") = "Learning05", "prepare\Learning05\Learning05.csproj", "{1E4F9102-AD96-4D3F-B9D2-402EE385C2E0}"
EndProject
Project("{2150E333-8FDC-42A3-9474-1A3956D46DE8}") = "prove", "prove", "{95BED6A8-0A2D-4655-BD97-5134F1E191EE}"
EndProject
Project("{9A19103F-16F7-4668-BE54-9A1E7A4F7556}") = "Develop02", "prove\Develop02\Develop02.csproj", "{A94F10F2-130E-4654-9DB3-EAE962B35B5C}"
EndProject
Project("{9A19103F-16F7-4668-BE54-9A1E7A4F7556}") = "Develop03", "prove\Develop03\Develop03.csproj", "{2581639C-796E-493A-924F-38130BE61929}"
EndProject
Project("{9A19103F-16F7-4668-BE54-9A1E7A4F7556}") = "Develop04", "prove\Develop04\Develop04.csproj", "{8B5719D9-8A14-4C8D-848C-34E7D75D02B9}"
EndProject
Project("{9A19103F-16F7-4668-BE54-9A1E7A4F7556}") = "Develop05", "prove\Develop05\Develop05.csproj", "{624D4F19-8D28-400F-8941-EA31402462BE}"
EndProject
Project("{2150E333-8FDC-42A3-9474-1A3956D46DE8}") = "sandbox", "sandbox", "{C0F69649-BFBE-4F3E-9EA1-1A46FFE42BD9}"
EndProject
Project("{9A19103F-16F7-4668-BE54-9A1E7A4F7556}") = "Sandbox", "sandbox\Sandbox\Sandbox.csproj", "{7ECC5E57-7EEB-4A8B-93D7-C21CCD6735C8}"
EndProject
Global
	GlobalSection(SolutionConfigurationPlatforms) = preSolution
		Debug|Any CPU = Debug|Any CPU
		Release|Any CPU = Release|Any CPU
	EndGlobalSection
	GlobalSection(ProjectConfigurationPlatforms) = postSolution
		{C3E0CC04-18BE-48B0-8EE2-BD4114B11468}.Debug|Any CPU.ActiveCfg = Debug|Any CPU
		{C3E0CC04-18BE-48B0-8EE2-BD4114B11468}.Debug|Any CPU.Build.0 = Debug|Any CPU
		{C3E0CC04-18BE-48B0-8EE2-BD4114B11468}.Release|Any CPU.ActiveCfg = Release|Any CPU
		{C3E0CC04-18BE-48B0-8EE2-BD4114B11468}.Release|Any CPU.Build.0 = Release|Any CPU
		{76748C78-EF2D-4C4D-9D4D-189977C71290}.Debug|Any CPU.ActiveCfg = Debug|Any CPU
		{76748C78-EF2D-4C4D-9D4D-189977C71290}.Debug|Any CPU.Build.0 = Debug|Any CPU
		{76748C78-EF2D-4C4D-9D4D-189977C71290}.Release|Any CPU.ActiveCfg = Release|Any CPU
		{76748C78-EF2D-4C4D-9D4D-189977C71290}.Release|Any CPU.Build.0 = Release|Any CPU
		{F5F2B90B-7E68-4E1C-96B8-23C05442F017}.Debug|Any CPU.ActiveCfg = Debug|Any CPU
		{F5F2B90B-7E68-4E1C-96B8-23C05442F017}.Debug|Any CPU.Build.0 = Debug|Any CPU
		{F5F2B90B-7E68-4E1C-96B8-23C05442F017}.Release|Any CPU.ActiveCfg = Release|Any CPU
		{F5F2B90B-7E68-4E1C-96B8-23C05442F017}.Release|Any CPU.Build.0 = Release|Any CPU
		{7BFFD8FB-4C07-48A3-9136-0FADC0E322FD}.Debug|Any CPU.ActiveCfg = Debug|Any CPU
		{7BFFD8FB-4C07-48A3-9136-0FADC0E322FD}.Debug|Any CPU.Build.0 = Debug|Any CPU
		{7BFFD8FB-4C07-48A3-9136-0FADC0E322FD}.Release|Any CPU.ActiveCfg = Release|Any CPU
		{7BFFD8FB-4C07-48A3-9136-0FADC0E322FD}.Release|Any CPU.Build.0 = Release|Any CPU
		{5EA91FDA-7CB8-42EF-95CC-944D5EB5DD84}.Debug|Any CPU.ActiveCfg = Debug|Any CPU
		{5EA91FDA-7CB8-42EF-95CC-944D5EB5DD84}.Debug|Any CPU.Build.0 = Debug|Any CPU
		{5EA91FDA-7CB8-42EF-95CC-944D5EB5DD84}.Release|Any CPU.ActiveCfg = Release|Any CPU
		{5EA91FDA-7CB8-42EF-95CC-944D5EB5DD84}.Release|Any CPU.Build.0 = Release|Any CPU
		{78086898-D280-405D-894C-3A3B41C09DA4}.Debug|Any CPU.ActiveCfg = Debug|Any CPU
		{78086898-D280-405D-894C-3A3B41C09DA4}.Debug|Any CPU.Build.0 = Debug|Any CPU
		{78086898-D280-405D-894C-3A3B41C09DA4}.Release|Any CPU.ActiveCfg = Release|Any CPU
		{78086898-D280-405D-894C-3A3B41C09DA4}.Release|Any CPU.Build.0 = Release|Any CPU
		{8A122583-CADD-4CCA-8C0C-6C7378078005}.Debug|Any CPU.ActiveCfg = Debug|Any CPU
		{8A122583-CADD-4CCA-8C0C-6C7378078005}.Debug|Any CPU.Build.0 = Debug|Any CPU
		{8A122583-CADD-4CCA-8C0C-6C7378078005}.Release|Any CPU.ActiveCfg = Release|Any CPU
		{8A122583-CADD-4CCA-8C0C-6C7378078005}.Release|Any CPU.Build.0 = Release|Any CPU
		{E260C38C-B5A4-4BE9-9106-F5E09000A45C}.Debug|Any CPU.ActiveCfg = Debug|Any CPU
		{E260C38C-B5A4-4BE9-9106-F5E09000A45C}.Debug|Any CPU.Build.0 = Debug|Any CPU
		{E260C38C-B5A4-4BE9-9106-F5E09000A45C}.Release|Any CPU.ActiveCfg = Release|Any CPU
		{E260C38C-B5A4-4BE9-9106-F5E09000A45C}.Release|Any CPU.Build.0 = Release|Any CPU
		{7B7E7521-50DF-49C2-97B6-2F85608EEDDC}.Debug|Any CPU.ActiveCfg = Debug|Any CPU
		{7B7E7521-50DF-49C2-97B6-2F85608EEDDC}.Debug|Any CPU.Build.0 = Debug|Any CPU
		{7B7E7521-50DF-49C2-97B6-2F85608EEDDC}.Release|Any CPU.ActiveCfg = Release|Any CPU
		{7B7E7521-50DF-49C2-97B6-2F85608EEDDC}.Release|Any CPU.Build.0 = Release|Any CPU
		{25955A83-45A6-49D0-A339-D06356E1EA29}.Debug|Any CPU.ActiveCfg = Debug|Any CPU
		{25955A83-45A6-49D0-A339-D06356E1EA29}.Debug|Any CPU.Build.0 = Debug|Any CPU
		{25955A83-45A6-49D0-A339-D06356E1EA29}.Release|Any CPU.ActiveCfg = Release|Any CPU
		{25955A83-45A6-49D0-A339-D06356E1EA29}.Release|Any CPU.Build.0 = Release|Any CPU
		{51D5D43D-05AF-4AF8-944E-17E635C7C162}.Debug|Any CPU.ActiveCfg = Debug|Any CPU
		{51D5D43D-05AF-4AF8-944E-17E635C7C162}.Debug|Any CPU.Build.0 = Debug|Any CPU
		{51D5D43D-05AF-4AF8-944E-17E635C7C162}.Release|Any CPU.ActiveCfg = Release|Any CPU
		{51D5D43D-05AF-4AF8-944E-17E635C7C162}.Release|Any CPU.Build.0 = Release|Any CPU
		{1ED1644E-1228-4C2B-B83E-B7293D1787C1}.Debug|Any CPU.ActiveCfg = Debug|Any CPU
		{1ED1644E-1228-4C2B-B83E-B7293D1787C1}.Debug|Any CPU.Build.0 = Debug|Any CPU
		{1ED1644E-1228-4C2B-B83E-B7293D1787C1}.Release|Any CPU.ActiveCfg = Release|Any CPU
		{1ED1644E-1228-4C2B-B83E-B7293D1787C1}.Release|Any CPU.Build.0 = Release|Any CPU
		{04DA51D0-5308-48D2-8FE0-03C62343DE65}.Debug|Any CPU.ActiveCfg = Debug|Any CPU
		{04DA51D0-5308-48D2-8FE0-03C62343DE65}.Debug|Any CPU.Build.0 = Debug|Any CPU
		{04DA51D0-5308-48D2-8FE0-03C62343DE65}.Release|Any CPU.ActiveCfg = Release|Any CPU
		{04DA51D0-5308-48D2-8FE0-03C62343DE65}.Release|Any CPU.Build.0 = Release|Any CPU
		{1E4F9102-AD96-4D3F-B9D2-402EE385C2E0}.Debug|Any CPU.ActiveCfg = Debug|Any CPU
		{1E4F9102-AD96-4D3F-B9D2-402EE385C2E0}.Debug|Any CPU.Build.0 = Debug|Any CPU
		{1E4F9102-AD96-4D3F-B9D2-402EE385C2E0}.Release|Any CPU.ActiveCfg = Release|Any CPU
		{1E4F9102-AD96-4D3F-B9D2-402EE385C2E0}.Release|Any CPU.Build.0 = Release|Any CPU
		{A94F10F2-130E-4654-9DB3-EAE962B35B5C}.Debug|Any CPU.ActiveCfg = Debug|Any CPU
		{A94F10F2-130E-4654-9DB3-EAE962B35B5C}.Debug|Any CPU.Build.0 = Debug|Any CPU
		{A94F10F2-130E-4654-9DB3-EAE962B35B5C}.Release|Any CPU.ActiveCfg = Release|Any CPU
		{A94F10F2-130E-4654-9DB3-EAE962B35B5C}.Release|Any CPU.Build.0 = Release|Any CPU
		{2581639C-796E-493A-924F-38130BE61929}.Debug|Any CPU.ActiveCfg = Debug|Any CPU
		{2581639C-796E-493A-924F-38130BE61929}.Debug|Any CPU.Build.0 = Debug|Any CPU
		{2581639C-796E-493A-924F-38130BE61929}.Release|Any CPU.ActiveCfg = Release|Any CPU
		{2581639C-796E-493A-924F-38130BE61929}.Release|Any CPU.Build.0 = Release|Any CPU
		{8B5719D9-8A14-4C8D-848C-34E7D75D02B9}.Debug|Any CPU.ActiveCfg = Debug|Any CPU
		{8B5719D9-8A14-4C8D-848C-34E7D75D02B9}.Debug|Any CPU.Build.0 = Debug|Any CPU
		{8B5719D9-8A14-4C8D-848C-34E7D75D02B9}.Release|Any CPU.ActiveCfg = Release|Any CPU
		{8B5719D9-8A14-4C8D-848C-34E7D75D02B9}.Release|Any CPU.Build.0 = Release|Any CPU
		{624D4F19-8D28-400F-8941-EA31402462BE}.Debug|Any CPU.ActiveCfg = Debug|Any CPU
		{624D4F19-8D28-400F-8941-EA31402462BE}.Debug|Any CPU.Build.0 = Debug|Any CPU
		{624D4F19-8D28-400F-8941-EA31402462BE}.Release|Any CPU.ActiveCfg = Release|Any CPU
		{624D4F19-8D28-400F-8941-EA31402462BE}.Release|Any CPU.Build.0 = Release|Any CPU
		{7ECC5E57-7EEB-4A8B-93D7-C21CCD6735C8}.Debug|Any CPU.ActiveCfg = Debug|Any CPU
		{7ECC5E57-7EEB-4A8B-93D7-C21CCD6735C8}.Debug|Any CPU.Build.0 = Debug|Any CPU
		{7ECC5E57-7EEB-4A8B-93D7-C21CCD6735C8}.Release|Any CPU.ActiveCfg = Release|Any CPU
		{7ECC5E57-7EEB-4A8B-93D7-C21CCD6735C8}.Release|Any CPU.Build.0 = Release|Any CPU
	EndGlobalSection
	GlobalSection(SolutionProperties) = preSolution
		HideSolutionNode = FALSE
	EndGlobalSection
	GlobalSection(NestedProjects) = preSolution
		{C3E0CC04-18BE-48B0-8EE2-BD4114B11468} = {359296B8-0F98-4B9E-B3D0-F5356E2DAC33}
		{76748C78-EF2D-4C4D-9D4D-189977C71290} = {359296B8-0F98-4B9E-B3D0-F5356E2DAC33}
		{F5F2B90B-7E68-4E1C-96B8-23C05442F017} = {359296B8-0F98-4B9E-B3D0-F5356E2DAC33}
		{7BFFD8FB-4C07-48A3-9136-0FADC0E322FD} = {359296B8-0F98-4B9E-B3D0-F5356E2DAC33}
		{5EA91FDA-7CB8-42EF-95CC-944D5EB5DD84} = {359296B8-0F98-4B9E-B3D0-F5356E2DAC33}
		{78086898-D280-405D-894C-3A3B41C09DA4} = {6D8AF0C6-DD83-48DF-858F-5B7DC318DD63}
		{8A122583-CADD-4CCA-8C0C-6C7378078005} = {6D8AF0C6-DD83-48DF-858F-5B7DC318DD63}
		{E260C38C-B5A4-4BE9-9106-F5E09000A45C} = {6D8AF0C6-DD83-48DF-858F-5B7DC318DD63}
		{7B7E7521-50DF-49C2-97B6-2F85608EEDDC} = {6D8AF0C6-DD83-48DF-858F-5B7DC318DD63}
		{25955A83-45A6-49D0-A339-D06356E1EA29} = {6D8AF0C6-DD83-48DF-858F-5B7DC318DD63}
		{51D5D43D-05AF-4AF8-944E-17E635C7C162} = {1E15D9D1-DE83-4D8C-AB33-9726ACBF21D3}
		{1ED1644E-1228-4C2B-B83E-B7293D1787C1} = {1E15D9D1-DE83-4D8C-AB33-9726ACBF21D3}
		{04DA51D0-5308-48D2-8FE0-03C62343DE65} = {1E15D9D1-DE83-4D8C-AB33-9726ACBF21D3}
		{1E4F9102-AD96-4D3F-B9D2-402EE385C2E0} = {1E15D9D1-DE83-4D8C-AB33-9726ACBF21D3}
		{A94F10F2-130E-4654-9DB3-EAE962B35B5C} = {95BED6A8-0A2D-4655-BD97-5134F1E191EE}
		{2581639C-796E-493A-924F-38130BE61929} = {95BED6A8-0A2D-4655-BD97-5134F1E191EE}
		{8B5719D9-8A14-4C8D-848C-34E7D75D02B9} = {95BED6A8-0A2D-4655-BD97-5134F1E191EE}
		{624D4F19-8D28-400F-8941-EA31402462BE} = {95BED6A8-0A2D-4655-BD97-5134F1E191EE}
		{7ECC5E57-7EEB-4A8B-93D7-C21CCD6735C8} = {C0F69649-BFBE-4F3E-9EA1-1A46FFE42BD9}
	EndGlobalSection
	GlobalSection(ExtensibilityGlobals) = postSolution
		SolutionGuid = {5F8365B6-A101-4FF4-8185-E05C82C5497E}
	EndGlobalSection
EndGlobal
